
Microsoft Visual Studio Solution File, Format Version 12.00
# Visual Studio Version 17
VisualStudioVersion = 17.4.33122.133
MinimumVisualStudioVersion = 10.0.40219.1
Project("{FAE04EC0-301F-11D3-BF4B-00C04F79EFBC}") = "DataManager", "DataManager\DataManager.csproj", "{3BA1DF41-A283-4E05-8EE2-A70EB48AF086}"
EndProject
Project("{00D1A9C2-B5F0-4AF3-8072-F6C62B433612}") = "RMData", "RMData\RMData.sqlproj", "{9693CF54-D66E-4235-B2F7-50EAF4DABF2E}"
EndProject
Project("{FAE04EC0-301F-11D3-BF4B-00C04F79EFBC}") = "RMDesktopUI", "RMDesktopUI\RMDesktopUI.csproj", "{95BAC169-117F-4A41-8A5A-A433903585D0}"
EndProject
Project("{FAE04EC0-301F-11D3-BF4B-00C04F79EFBC}") = "DataManager.Library", "DataManager.Library\DataManager.Library.csproj", "{B3CAD732-2A2C-4654-B6FC-A959EE05149E}"
EndProject
Project("{FAE04EC0-301F-11D3-BF4B-00C04F79EFBC}") = "RMDesktopUI.Library", "RMDesktopUI.Library\RMDesktopUI.Library.csproj", "{6E66D583-3DB9-4D87-A1DE-1C6907A391E0}"
EndProject
Project("{2150E333-8FDC-42A3-9474-1A3956D46DE8}") = "DataBase", "DataBase", "{4462DD39-72A0-4305-A801-BD5DD2786DC8}"
EndProject
Project("{2150E333-8FDC-42A3-9474-1A3956D46DE8}") = "API", "API", "{7671F8D0-3A74-4EFD-B04F-7A2670244294}"
EndProject
Project("{2150E333-8FDC-42A3-9474-1A3956D46DE8}") = "WPF", "WPF", "{02B1985D-2989-471E-9E77-6FE079023387}"
EndProject
Project("{FAE04EC0-301F-11D3-BF4B-00C04F79EFBC}") = "RMApi", "API\RMApi\RMApi.csproj", "{BB368CDF-3E8B-4E2C-BBC5-D7536F1997FF}"
EndProject
Global
	GlobalSection(SolutionConfigurationPlatforms) = preSolution
		Debug|Any CPU = Debug|Any CPU
		Release|Any CPU = Release|Any CPU
	EndGlobalSection
	GlobalSection(ProjectConfigurationPlatforms) = postSolution
		{3BA1DF41-A283-4E05-8EE2-A70EB48AF086}.Debug|Any CPU.ActiveCfg = Debug|Any CPU
		{3BA1DF41-A283-4E05-8EE2-A70EB48AF086}.Debug|Any CPU.Build.0 = Debug|Any CPU
		{3BA1DF41-A283-4E05-8EE2-A70EB48AF086}.Release|Any CPU.ActiveCfg = Release|Any CPU
		{3BA1DF41-A283-4E05-8EE2-A70EB48AF086}.Release|Any CPU.Build.0 = Release|Any CPU
		{9693CF54-D66E-4235-B2F7-50EAF4DABF2E}.Debug|Any CPU.ActiveCfg = Debug|Any CPU
		{9693CF54-D66E-4235-B2F7-50EAF4DABF2E}.Debug|Any CPU.Build.0 = Debug|Any CPU
		{9693CF54-D66E-4235-B2F7-50EAF4DABF2E}.Debug|Any CPU.Deploy.0 = Debug|Any CPU
		{9693CF54-D66E-4235-B2F7-50EAF4DABF2E}.Release|Any CPU.ActiveCfg = Release|Any CPU
		{9693CF54-D66E-4235-B2F7-50EAF4DABF2E}.Release|Any CPU.Build.0 = Release|Any CPU
		{9693CF54-D66E-4235-B2F7-50EAF4DABF2E}.Release|Any CPU.Deploy.0 = Release|Any CPU
		{95BAC169-117F-4A41-8A5A-A433903585D0}.Debug|Any CPU.ActiveCfg = Debug|Any CPU
		{95BAC169-117F-4A41-8A5A-A433903585D0}.Debug|Any CPU.Build.0 = Debug|Any CPU
		{95BAC169-117F-4A41-8A5A-A433903585D0}.Release|Any CPU.ActiveCfg = Release|Any CPU
		{95BAC169-117F-4A41-8A5A-A433903585D0}.Release|Any CPU.Build.0 = Release|Any CPU
		{B3CAD732-2A2C-4654-B6FC-A959EE05149E}.Debug|Any CPU.ActiveCfg = Debug|Any CPU
		{B3CAD732-2A2C-4654-B6FC-A959EE05149E}.Debug|Any CPU.Build.0 = Debug|Any CPU
		{B3CAD732-2A2C-4654-B6FC-A959EE05149E}.Release|Any CPU.ActiveCfg = Release|Any CPU
		{B3CAD732-2A2C-4654-B6FC-A959EE05149E}.Release|Any CPU.Build.0 = Release|Any CPU
		{6E66D583-3DB9-4D87-A1DE-1C6907A391E0}.Debug|Any CPU.ActiveCfg = Debug|Any CPU
		{6E66D583-3DB9-4D87-A1DE-1C6907A391E0}.Debug|Any CPU.Build.0 = Debug|Any CPU
		{6E66D583-3DB9-4D87-A1DE-1C6907A391E0}.Release|Any CPU.ActiveCfg = Release|Any CPU
		{6E66D583-3DB9-4D87-A1DE-1C6907A391E0}.Release|Any CPU.Build.0 = Release|Any CPU
		{BB368CDF-3E8B-4E2C-BBC5-D7536F1997FF}.Debug|Any CPU.ActiveCfg = Debug|Any CPU
		{BB368CDF-3E8B-4E2C-BBC5-D7536F1997FF}.Debug|Any CPU.Build.0 = Debug|Any CPU
		{BB368CDF-3E8B-4E2C-BBC5-D7536F1997FF}.Release|Any CPU.ActiveCfg = Release|Any CPU
		{BB368CDF-3E8B-4E2C-BBC5-D7536F1997FF}.Release|Any CPU.Build.0 = Release|Any CPU
	EndGlobalSection
	GlobalSection(SolutionProperties) = preSolution
		HideSolutionNode = FALSE
	EndGlobalSection
	GlobalSection(NestedProjects) = preSolution
		{3BA1DF41-A283-4E05-8EE2-A70EB48AF086} = {7671F8D0-3A74-4EFD-B04F-7A2670244294}
		{9693CF54-D66E-4235-B2F7-50EAF4DABF2E} = {4462DD39-72A0-4305-A801-BD5DD2786DC8}
		{95BAC169-117F-4A41-8A5A-A433903585D0} = {02B1985D-2989-471E-9E77-6FE079023387}
		{B3CAD732-2A2C-4654-B6FC-A959EE05149E} = {7671F8D0-3A74-4EFD-B04F-7A2670244294}
		{6E66D583-3DB9-4D87-A1DE-1C6907A391E0} = {02B1985D-2989-471E-9E77-6FE079023387}
		{BB368CDF-3E8B-4E2C-BBC5-D7536F1997FF} = {7671F8D0-3A74-4EFD-B04F-7A2670244294}
	EndGlobalSection
	GlobalSection(ExtensibilityGlobals) = postSolution
		SolutionGuid = {5928F0CD-4943-4B9D-B738-6D4BBC8E8034}
	EndGlobalSection
EndGlobal
